// !$*UTF8*$!
{
	archiveVersion = 1;
	classes = {
	};
	objectVersion = 50;
	objects = {

/* Begin PBXBuildFile section */
		2D39F0D421EA391A005F34C3 /* AppDelegate.swift in Sources */ = {isa = PBXBuildFile; fileRef = 2D39F0D321EA391A005F34C3 /* AppDelegate.swift */; };
		2D39F0D621EA391A005F34C3 /* ViewController.swift in Sources */ = {isa = PBXBuildFile; fileRef = 2D39F0D521EA391A005F34C3 /* ViewController.swift */; };
		2D39F0D921EA391A005F34C3 /* Main.storyboard in Resources */ = {isa = PBXBuildFile; fileRef = 2D39F0D721EA391A005F34C3 /* Main.storyboard */; };
		2D39F0DC21EA391A005F34C3 /* Movies.xcdatamodeld in Sources */ = {isa = PBXBuildFile; fileRef = 2D39F0DA21EA391A005F34C3 /* Movies.xcdatamodeld */; };
		2D39F0DE21EA391B005F34C3 /* Assets.xcassets in Resources */ = {isa = PBXBuildFile; fileRef = 2D39F0DD21EA391B005F34C3 /* Assets.xcassets */; };
		2D39F0E121EA391B005F34C3 /* LaunchScreen.storyboard in Resources */ = {isa = PBXBuildFile; fileRef = 2D39F0DF21EA391B005F34C3 /* LaunchScreen.storyboard */; };
		2D39F0EC21EA391B005F34C3 /* MoviesTests.swift in Sources */ = {isa = PBXBuildFile; fileRef = 2D39F0EB21EA391B005F34C3 /* MoviesTests.swift */; };
		2D39F0F721EA391B005F34C3 /* MoviesUITests.swift in Sources */ = {isa = PBXBuildFile; fileRef = 2D39F0F621EA391B005F34C3 /* MoviesUITests.swift */; };
/* End PBXBuildFile section */

/* Begin PBXContainerItemProxy section */
		2D39F0E821EA391B005F34C3 /* PBXContainerItemProxy */ = {
			isa = PBXContainerItemProxy;
			containerPortal = 2D39F0C821EA3919005F34C3 /* Project object */;
			proxyType = 1;
			remoteGlobalIDString = 2D39F0CF21EA3919005F34C3;
			remoteInfo = Movies;
		};
		2D39F0F321EA391B005F34C3 /* PBXContainerItemProxy */ = {
			isa = PBXContainerItemProxy;
			containerPortal = 2D39F0C821EA3919005F34C3 /* Project object */;
			proxyType = 1;
			remoteGlobalIDString = 2D39F0CF21EA3919005F34C3;
			remoteInfo = Movies;
		};
/* End PBXContainerItemProxy section */

/* Begin PBXFileReference section */
		2D39F0D021EA391A005F34C3 /* Movies.app */ = {isa = PBXFileReference; explicitFileType = wrapper.application; includeInIndex = 0; path = Movies.app; sourceTree = BUILT_PRODUCTS_DIR; };
		2D39F0D321EA391A005F34C3 /* AppDelegate.swift */ = {isa = PBXFileReference; lastKnownFileType = sourcecode.swift; path = AppDelegate.swift; sourceTree = "<group>"; };
		2D39F0D521EA391A005F34C3 /* ViewController.swift */ = {isa = PBXFileReference; lastKnownFileType = sourcecode.swift; path = ViewController.swift; sourceTree = "<group>"; };
		2D39F0D821EA391A005F34C3 /* Base */ = {isa = PBXFileReference; lastKnownFileType = file.storyboard; name = Base; path = Base.lproj/Main.storyboard; sourceTree = "<group>"; };
		2D39F0DB21EA391A005F34C3 /* Movies.xcdatamodel */ = {isa = PBXFileReference; lastKnownFileType = wrapper.xcdatamodel; path = Movies.xcdatamodel; sourceTree = "<group>"; };
		2D39F0DD21EA391B005F34C3 /* Assets.xcassets */ = {isa = PBXFileReference; lastKnownFileType = folder.assetcatalog; path = Assets.xcassets; sourceTree = "<group>"; };
		2D39F0E021EA391B005F34C3 /* Base */ = {isa = PBXFileReference; lastKnownFileType = file.storyboard; name = Base; path = Base.lproj/LaunchScreen.storyboard; sourceTree = "<group>"; };
		2D39F0E221EA391B005F34C3 /* Info.plist */ = {isa = PBXFileReference; lastKnownFileType = text.plist.xml; path = Info.plist; sourceTree = "<group>"; };
		2D39F0E721EA391B005F34C3 /* MoviesTests.xctest */ = {isa = PBXFileReference; explicitFileType = wrapper.cfbundle; includeInIndex = 0; path = MoviesTests.xctest; sourceTree = BUILT_PRODUCTS_DIR; };
		2D39F0EB21EA391B005F34C3 /* MoviesTests.swift */ = {isa = PBXFileReference; lastKnownFileType = sourcecode.swift; path = MoviesTests.swift; sourceTree = "<group>"; };
		2D39F0ED21EA391B005F34C3 /* Info.plist */ = {isa = PBXFileReference; lastKnownFileType = text.plist.xml; path = Info.plist; sourceTree = "<group>"; };
		2D39F0F221EA391B005F34C3 /* MoviesUITests.xctest */ = {isa = PBXFileReference; explicitFileType = wrapper.cfbundle; includeInIndex = 0; path = MoviesUITests.xctest; sourceTree = BUILT_PRODUCTS_DIR; };
		2D39F0F621EA391B005F34C3 /* MoviesUITests.swift */ = {isa = PBXFileReference; lastKnownFileType = sourcecode.swift; path = MoviesUITests.swift; sourceTree = "<group>"; };
		2D39F0F821EA391B005F34C3 /* Info.plist */ = {isa = PBXFileReference; lastKnownFileType = text.plist.xml; path = Info.plist; sourceTree = "<group>"; };
/* End PBXFileReference section */

/* Begin PBXFrameworksBuildPhase section */
		2D39F0CD21EA3919005F34C3 /* Frameworks */ = {
			isa = PBXFrameworksBuildPhase;
			buildActionMask = 2147483647;
			files = (
			);
			runOnlyForDeploymentPostprocessing = 0;
		};
		2D39F0E421EA391B005F34C3 /* Frameworks */ = {
			isa = PBXFrameworksBuildPhase;
			buildActionMask = 2147483647;
			files = (
			);
			runOnlyForDeploymentPostprocessing = 0;
		};
		2D39F0EF21EA391B005F34C3 /* Frameworks */ = {
			isa = PBXFrameworksBuildPhase;
			buildActionMask = 2147483647;
			files = (
			);
			runOnlyForDeploymentPostprocessing = 0;
		};
/* End PBXFrameworksBuildPhase section */

/* Begin PBXGroup section */
		2D39F0C721EA3919005F34C3 = {
			isa = PBXGroup;
			children = (
				2D39F0D221EA391A005F34C3 /* Movies */,
				2D39F0EA21EA391B005F34C3 /* MoviesTests */,
				2D39F0F521EA391B005F34C3 /* MoviesUITests */,
				2D39F0D121EA391A005F34C3 /* Products */,
			);
			sourceTree = "<group>";
		};
		2D39F0D121EA391A005F34C3 /* Products */ = {
			isa = PBXGroup;
			children = (
				2D39F0D021EA391A005F34C3 /* Movies.app */,
				2D39F0E721EA391B005F34C3 /* MoviesTests.xctest */,
				2D39F0F221EA391B005F34C3 /* MoviesUITests.xctest */,
			);
			name = Products;
			sourceTree = "<group>";
		};
		2D39F0D221EA391A005F34C3 /* Movies */ = {
			isa = PBXGroup;
			children = (
				2D39F0D321EA391A005F34C3 /* AppDelegate.swift */,
				2D39F0D521EA391A005F34C3 /* ViewController.swift */,
				2D39F0D721EA391A005F34C3 /* Main.storyboard */,
				2D39F0DD21EA391B005F34C3 /* Assets.xcassets */,
				2D39F0DF21EA391B005F34C3 /* LaunchScreen.storyboard */,
				2D39F0E221EA391B005F34C3 /* Info.plist */,
				2D39F0DA21EA391A005F34C3 /* Movies.xcdatamodeld */,
			);
			path = Movies;
			sourceTree = "<group>";
		};
		2D39F0EA21EA391B005F34C3 /* MoviesTests */ = {
			isa = PBXGroup;
			children = (
				2D39F0EB21EA391B005F34C3 /* MoviesTests.swift */,
				2D39F0ED21EA391B005F34C3 /* Info.plist */,
			);
			path = MoviesTests;
			sourceTree = "<group>";
		};
		2D39F0F521EA391B005F34C3 /* MoviesUITests */ = {
			isa = PBXGroup;
			children = (
				2D39F0F621EA391B005F34C3 /* MoviesUITests.swift */,
				2D39F0F821EA391B005F34C3 /* Info.plist */,
			);
			path = MoviesUITests;
			sourceTree = "<group>";
		};
/* End PBXGroup section */

/* Begin PBXNativeTarget section */
		2D39F0CF21EA3919005F34C3 /* Movies */ = {
			isa = PBXNativeTarget;
			buildConfigurationList = 2D39F0FB21EA391B005F34C3 /* Build configuration list for PBXNativeTarget "Movies" */;
			buildPhases = (
				2D39F0CC21EA3919005F34C3 /* Sources */,
				2D39F0CD21EA3919005F34C3 /* Frameworks */,
				2D39F0CE21EA3919005F34C3 /* Resources */,
			);
			buildRules = (
			);
			dependencies = (
			);
			name = Movies;
			productName = Movies;
			productReference = 2D39F0D021EA391A005F34C3 /* Movies.app */;
			productType = "com.apple.product-type.application";
		};
		2D39F0E621EA391B005F34C3 /* MoviesTests */ = {
			isa = PBXNativeTarget;
			buildConfigurationList = 2D39F0FE21EA391B005F34C3 /* Build configuration list for PBXNativeTarget "MoviesTests" */;
			buildPhases = (
				2D39F0E321EA391B005F34C3 /* Sources */,
				2D39F0E421EA391B005F34C3 /* Frameworks */,
				2D39F0E521EA391B005F34C3 /* Resources */,
			);
			buildRules = (
			);
			dependencies = (
				2D39F0E921EA391B005F34C3 /* PBXTargetDependency */,
			);
			name = MoviesTests;
			productName = MoviesTests;
			productReference = 2D39F0E721EA391B005F34C3 /* MoviesTests.xctest */;
			productType = "com.apple.product-type.bundle.unit-test";
		};
		2D39F0F121EA391B005F34C3 /* MoviesUITests */ = {
			isa = PBXNativeTarget;
			buildConfigurationList = 2D39F10121EA391B005F34C3 /* Build configuration list for PBXNativeTarget "MoviesUITests" */;
			buildPhases = (
				2D39F0EE21EA391B005F34C3 /* Sources */,
				2D39F0EF21EA391B005F34C3 /* Frameworks */,
				2D39F0F021EA391B005F34C3 /* Resources */,
			);
			buildRules = (
			);
			dependencies = (
				2D39F0F421EA391B005F34C3 /* PBXTargetDependency */,
			);
			name = MoviesUITests;
			productName = MoviesUITests;
			productReference = 2D39F0F221EA391B005F34C3 /* MoviesUITests.xctest */;
			productType = "com.apple.product-type.bundle.ui-testing";
		};
/* End PBXNativeTarget section */

/* Begin PBXProject section */
		2D39F0C821EA3919005F34C3 /* Project object */ = {
			isa = PBXProject;
			attributes = {
				LastSwiftUpdateCheck = 1000;
				LastUpgradeCheck = 1000;
				ORGANIZATIONNAME = "Thiago Cavalcante de Oliveira";
				TargetAttributes = {
					2D39F0CF21EA3919005F34C3 = {
						CreatedOnToolsVersion = 10.0;
					};
					2D39F0E621EA391B005F34C3 = {
						CreatedOnToolsVersion = 10.0;
						TestTargetID = 2D39F0CF21EA3919005F34C3;
					};
					2D39F0F121EA391B005F34C3 = {
						CreatedOnToolsVersion = 10.0;
						TestTargetID = 2D39F0CF21EA3919005F34C3;
					};
				};
			};
			buildConfigurationList = 2D39F0CB21EA3919005F34C3 /* Build configuration list for PBXProject "Movies" */;
			compatibilityVersion = "Xcode 9.3";
			developmentRegion = en;
			hasScannedForEncodings = 0;
			knownRegions = (
				en,
				Base,
			);
			mainGroup = 2D39F0C721EA3919005F34C3;
			productRefGroup = 2D39F0D121EA391A005F34C3 /* Products */;
			projectDirPath = "";
			projectRoot = "";
			targets = (
				2D39F0CF21EA3919005F34C3 /* Movies */,
				2D39F0E621EA391B005F34C3 /* MoviesTests */,
				2D39F0F121EA391B005F34C3 /* MoviesUITests */,
			);
		};
/* End PBXProject section */

/* Begin PBXResourcesBuildPhase section */
		2D39F0CE21EA3919005F34C3 /* Resources */ = {
			isa = PBXResourcesBuildPhase;
			buildActionMask = 2147483647;
			files = (
				2D39F0E121EA391B005F34C3 /* LaunchScreen.storyboard in Resources */,
				2D39F0DE21EA391B005F34C3 /* Assets.xcassets in Resources */,
				2D39F0D921EA391A005F34C3 /* Main.storyboard in Resources */,
			);
			runOnlyForDeploymentPostprocessing = 0;
		};
		2D39F0E521EA391B005F34C3 /* Resources */ = {
			isa = PBXResourcesBuildPhase;
			buildActionMask = 2147483647;
			files = (
			);
			runOnlyForDeploymentPostprocessing = 0;
		};
		2D39F0F021EA391B005F34C3 /* Resources */ = {
			isa = PBXResourcesBuildPhase;
			buildActionMask = 2147483647;
			files = (
			);
			runOnlyForDeploymentPostprocessing = 0;
		};
/* End PBXResourcesBuildPhase section */

/* Begin PBXSourcesBuildPhase section */
		2D39F0CC21EA3919005F34C3 /* Sources */ = {
			isa = PBXSourcesBuildPhase;
			buildActionMask = 2147483647;
			files = (
				2D39F0D621EA391A005F34C3 /* ViewController.swift in Sources */,
				2D39F0DC21EA391A005F34C3 /* Movies.xcdatamodeld in Sources */,
				2D39F0D421EA391A005F34C3 /* AppDelegate.swift in Sources */,
			);
			runOnlyForDeploymentPostprocessing = 0;
		};
		2D39F0E321EA391B005F34C3 /* Sources */ = {
			isa = PBXSourcesBuildPhase;
			buildActionMask = 2147483647;
			files = (
				2D39F0EC21EA391B005F34C3 /* MoviesTests.swift in Sources */,
			);
			runOnlyForDeploymentPostprocessing = 0;
		};
		2D39F0EE21EA391B005F34C3 /* Sources */ = {
			isa = PBXSourcesBuildPhase;
			buildActionMask = 2147483647;
			files = (
				2D39F0F721EA391B005F34C3 /* MoviesUITests.swift in Sources */,
			);
			runOnlyForDeploymentPostprocessing = 0;
		};
/* End PBXSourcesBuildPhase section */

/* Begin PBXTargetDependency section */
		2D39F0E921EA391B005F34C3 /* PBXTargetDependency */ = {
			isa = PBXTargetDependency;
			target = 2D39F0CF21EA3919005F34C3 /* Movies */;
			targetProxy = 2D39F0E821EA391B005F34C3 /* PBXContainerItemProxy */;
		};
		2D39F0F421EA391B005F34C3 /* PBXTargetDependency */ = {
			isa = PBXTargetDependency;
			target = 2D39F0CF21EA3919005F34C3 /* Movies */;
			targetProxy = 2D39F0F321EA391B005F34C3 /* PBXContainerItemProxy */;
		};
/* End PBXTargetDependency section */

/* Begin PBXVariantGroup section */
		2D39F0D721EA391A005F34C3 /* Main.storyboard */ = {
			isa = PBXVariantGroup;
			children = (
				2D39F0D821EA391A005F34C3 /* Base */,
			);
			name = Main.storyboard;
			sourceTree = "<group>";
		};
		2D39F0DF21EA391B005F34C3 /* LaunchScreen.storyboard */ = {
			isa = PBXVariantGroup;
			children = (
				2D39F0E021EA391B005F34C3 /* Base */,
			);
			name = LaunchScreen.storyboard;
			sourceTree = "<group>";
		};
/* End PBXVariantGroup section */

/* Begin XCBuildConfiguration section */
		2D39F0F921EA391B005F34C3 /* Debug */ = {
			isa = XCBuildConfiguration;
			buildSettings = {
				ALWAYS_SEARCH_USER_PATHS = NO;
				CLANG_ANALYZER_NONNULL = YES;
				CLANG_ANALYZER_NUMBER_OBJECT_CONVERSION = YES_AGGRESSIVE;
				CLANG_CXX_LANGUAGE_STANDARD = "gnu++14";
				CLANG_CXX_LIBRARY = "libc++";
				CLANG_ENABLE_MODULES = YES;
				CLANG_ENABLE_OBJC_ARC = YES;
				CLANG_ENABLE_OBJC_WEAK = YES;
				CLANG_WARN_BLOCK_CAPTURE_AUTORELEASING = YES;
				CLANG_WARN_BOOL_CONVERSION = YES;
				CLANG_WARN_COMMA = YES;
				CLANG_WARN_CONSTANT_CONVERSION = YES;
				CLANG_WARN_DEPRECATED_OBJC_IMPLEMENTATIONS = YES;
				CLANG_WARN_DIRECT_OBJC_ISA_USAGE = YES_ERROR;
				CLANG_WARN_DOCUMENTATION_COMMENTS = YES;
				CLANG_WARN_EMPTY_BODY = YES;
				CLANG_WARN_ENUM_CONVERSION = YES;
				CLANG_WARN_INFINITE_RECURSION = YES;
				CLANG_WARN_INT_CONVERSION = YES;
				CLANG_WARN_NON_LITERAL_NULL_CONVERSION = YES;
				CLANG_WARN_OBJC_IMPLICIT_RETAIN_SELF = YES;
				CLANG_WARN_OBJC_LITERAL_CONVERSION = YES;
				CLANG_WARN_OBJC_ROOT_CLASS = YES_ERROR;
				CLANG_WARN_RANGE_LOOP_ANALYSIS = YES;
				CLANG_WARN_STRICT_PROTOTYPES = YES;
				CLANG_WARN_SUSPICIOUS_MOVE = YES;
				CLANG_WARN_UNGUARDED_AVAILABILITY = YES_AGGRESSIVE;
				CLANG_WARN_UNREACHABLE_CODE = YES;
				CLANG_WARN__DUPLICATE_METHOD_MATCH = YES;
				CODE_SIGN_IDENTITY = "iPhone Developer";
				COPY_PHASE_STRIP = NO;
				DEBUG_INFORMATION_FORMAT = dwarf;
				ENABLE_STRICT_OBJC_MSGSEND = YES;
				ENABLE_TESTABILITY = YES;
				GCC_C_LANGUAGE_STANDARD = gnu11;
				GCC_DYNAMIC_NO_PIC = NO;
				GCC_NO_COMMON_BLOCKS = YES;
				GCC_OPTIMIZATION_LEVEL = 0;
				GCC_PREPROCESSOR_DEFINITIONS = (
					"DEBUG=1",
					"$(inherited)",
				);
				GCC_WARN_64_TO_32_BIT_CONVERSION = YES;
				GCC_WARN_ABOUT_RETURN_TYPE = YES_ERROR;
				GCC_WARN_UNDECLARED_SELECTOR = YES;
				GCC_WARN_UNINITIALIZED_AUTOS = YES_AGGRESSIVE;
				GCC_WARN_UNUSED_FUNCTION = YES;
				GCC_WARN_UNUSED_VARIABLE = YES;
				IPHONEOS_DEPLOYMENT_TARGET = 12.0;
				MTL_ENABLE_DEBUG_INFO = INCLUDE_SOURCE;
				MTL_FAST_MATH = YES;
				ONLY_ACTIVE_ARCH = YES;
				SDKROOT = iphoneos;
				SWIFT_ACTIVE_COMPILATION_CONDITIONS = DEBUG;
				SWIFT_OPTIMIZATION_LEVEL = "-Onone";
			};
			name = Debug;
		};
		2D39F0FA21EA391B005F34C3 /* Release */ = {
			isa = XCBuildConfiguration;
			buildSettings = {
				ALWAYS_SEARCH_USER_PATHS = NO;
				CLANG_ANALYZER_NONNULL = YES;
				CLANG_ANALYZER_NUMBER_OBJECT_CONVERSION = YES_AGGRESSIVE;
				CLANG_CXX_LANGUAGE_STANDARD = "gnu++14";
				CLANG_CXX_LIBRARY = "libc++";
				CLANG_ENABLE_MODULES = YES;
				CLANG_ENABLE_OBJC_ARC = YES;
				CLANG_ENABLE_OBJC_WEAK = YES;
				CLANG_WARN_BLOCK_CAPTURE_AUTORELEASING = YES;
				CLANG_WARN_BOOL_CONVERSION = YES;
				CLANG_WARN_COMMA = YES;
				CLANG_WARN_CONSTANT_CONVERSION = YES;
				CLANG_WARN_DEPRECATED_OBJC_IMPLEMENTATIONS = YES;
				CLANG_WARN_DIRECT_OBJC_ISA_USAGE = YES_ERROR;
				CLANG_WARN_DOCUMENTATION_COMMENTS = YES;
				CLANG_WARN_EMPTY_BODY = YES;
				CLANG_WARN_ENUM_CONVERSION = YES;
				CLANG_WARN_INFINITE_RECURSION = YES;
				CLANG_WARN_INT_CONVERSION = YES;
				CLANG_WARN_NON_LITERAL_NULL_CONVERSION = YES;
				CLANG_WARN_OBJC_IMPLICIT_RETAIN_SELF = YES;
				CLANG_WARN_OBJC_LITERAL_CONVERSION = YES;
				CLANG_WARN_OBJC_ROOT_CLASS = YES_ERROR;
				CLANG_WARN_RANGE_LOOP_ANALYSIS = YES;
				CLANG_WARN_STRICT_PROTOTYPES = YES;
				CLANG_WARN_SUSPICIOUS_MOVE = YES;
				CLANG_WARN_UNGUARDED_AVAILABILITY = YES_AGGRESSIVE;
				CLANG_WARN_UNREACHABLE_CODE = YES;
				CLANG_WARN__DUPLICATE_METHOD_MATCH = YES;
				CODE_SIGN_IDENTITY = "iPhone Developer";
				COPY_PHASE_STRIP = NO;
				DEBUG_INFORMATION_FORMAT = "dwarf-with-dsym";
				ENABLE_NS_ASSERTIONS = NO;
				ENABLE_STRICT_OBJC_MSGSEND = YES;
				GCC_C_LANGUAGE_STANDARD = gnu11;
				GCC_NO_COMMON_BLOCKS = YES;
				GCC_WARN_64_TO_32_BIT_CONVERSION = YES;
				GCC_WARN_ABOUT_RETURN_TYPE = YES_ERROR;
				GCC_WARN_UNDECLARED_SELECTOR = YES;
				GCC_WARN_UNINITIALIZED_AUTOS = YES_AGGRESSIVE;
				GCC_WARN_UNUSED_FUNCTION = YES;
				GCC_WARN_UNUSED_VARIABLE = YES;
				IPHONEOS_DEPLOYMENT_TARGET = 12.0;
				MTL_ENABLE_DEBUG_INFO = NO;
				MTL_FAST_MATH = YES;
				SDKROOT = iphoneos;
				SWIFT_COMPILATION_MODE = wholemodule;
				SWIFT_OPTIMIZATION_LEVEL = "-O";
				VALIDATE_PRODUCT = YES;
			};
			name = Release;
		};
		2D39F0FC21EA391B005F34C3 /* Debug */ = {
			isa = XCBuildConfiguration;
			buildSettings = {
				ASSETCATALOG_COMPILER_APPICON_NAME = AppIcon;
				CODE_SIGN_STYLE = Automatic;
				DEVELOPMENT_TEAM = M8UJX898RF;
				INFOPLIST_FILE = Movies/Info.plist;
				LD_RUNPATH_SEARCH_PATHS = (
					"$(inherited)",
					"@executable_path/Frameworks",
				);
				PRODUCT_BUNDLE_IDENTIFIER = br.com.alura.Movies;
				PRODUCT_NAME = "$(TARGET_NAME)";
				SWIFT_VERSION = 4.2;
				TARGETED_DEVICE_FAMILY = "1,2";
			};
			name = Debug;
		};
		2D39F0FD21EA391B005F34C3 /* Release */ = {
			isa = XCBuildConfiguration;
			buildSettings = {
				ASSETCATALOG_COMPILER_APPICON_NAME = AppIcon;
				CODE_SIGN_STYLE = Automatic;
				DEVELOPMENT_TEAM = M8UJX898RF;
				INFOPLIST_FILE = Movies/Info.plist;
				LD_RUNPATH_SEARCH_PATHS = (
					"$(inherited)",
					"@executable_path/Frameworks",
				);
				PRODUCT_BUNDLE_IDENTIFIER = br.com.alura.Movies;
				PRODUCT_NAME = "$(TARGET_NAME)";
				SWIFT_VERSION = 4.2;
				TARGETED_DEVICE_FAMILY = "1,2";
			};
			name = Release;
		};
		2D39F0FF21EA391B005F34C3 /* Debug */ = {
			isa = XCBuildConfiguration;
			buildSettings = {
				ALWAYS_EMBED_SWIFT_STANDARD_LIBRARIES = YES;
				BUNDLE_LOADER = "$(TEST_HOST)";
				CODE_SIGN_STYLE = Automatic;
				DEVELOPMENT_TEAM = M8UJX898RF;
				INFOPLIST_FILE = MoviesTests/Info.plist;
				LD_RUNPATH_SEARCH_PATHS = (
					"$(inherited)",
					"@executable_path/Frameworks",
					"@loader_path/Frameworks",
				);
				PRODUCT_BUNDLE_IDENTIFIER = br.com.alura.MoviesTests;
				PRODUCT_NAME = "$(TARGET_NAME)";
				SWIFT_VERSION = 4.2;
				TARGETED_DEVICE_FAMILY = "1,2";
				TEST_HOST = "$(BUILT_PRODUCTS_DIR)/Movies.app/Movies";
			};
			name = Debug;
		};
		2D39F10021EA391B005F34C3 /* Release */ = {
			isa = XCBuildConfiguration;
			buildSettings = {
				ALWAYS_EMBED_SWIFT_STANDARD_LIBRARIES = YES;
				BUNDLE_LOADER = "$(TEST_HOST)";
				CODE_SIGN_STYLE = Automatic;
				DEVELOPMENT_TEAM = M8UJX898RF;
				INFOPLIST_FILE = MoviesTests/Info.plist;
				LD_RUNPATH_SEARCH_PATHS = (
					"$(inherited)",
					"@executable_path/Frameworks",
					"@loader_path/Frameworks",
				);
				PRODUCT_BUNDLE_IDENTIFIER = br.com.alura.MoviesTests;
				PRODUCT_NAME = "$(TARGET_NAME)";
				SWIFT_VERSION = 4.2;
				TARGETED_DEVICE_FAMILY = "1,2";
				TEST_HOST = "$(BUILT_PRODUCTS_DIR)/Movies.app/Movies";
			};
			name = Release;
		};
		2D39F10221EA391B005F34C3 /* Debug */ = {
			isa = XCBuildConfiguration;
			buildSettings = {
				ALWAYS_EMBED_SWIFT_STANDARD_LIBRARIES = YES;
				CODE_SIGN_STYLE = Automatic;
				DEVELOPMENT_TEAM = M8UJX898RF;
				INFOPLIST_FILE = MoviesUITests/Info.plist;
				LD_RUNPATH_SEARCH_PATHS = (
					"$(inherited)",
					"@executable_path/Frameworks",
					"@loader_path/Frameworks",
				);
				PRODUCT_BUNDLE_IDENTIFIER = br.com.alura.MoviesUITests;
				PRODUCT_NAME = "$(TARGET_NAME)";
				SWIFT_VERSION = 4.2;
				TARGETED_DEVICE_FAMILY = "1,2";
				TEST_TARGET_NAME = Movies;
			};
			name = Debug;
		};
		2D39F10321EA391B005F34C3 /* Release */ = {
			isa = XCBuildConfiguration;
			buildSettings = {
				ALWAYS_EMBED_SWIFT_STANDARD_LIBRARIES = YES;
				CODE_SIGN_STYLE = Automatic;
				DEVELOPMENT_TEAM = M8UJX898RF;
				INFOPLIST_FILE = MoviesUITests/Info.plist;
				LD_RUNPATH_SEARCH_PATHS = (
					"$(inherited)",
					"@executable_path/Frameworks",
					"@loader_path/Frameworks",
				);
				PRODUCT_BUNDLE_IDENTIFIER = br.com.alura.MoviesUITests;
				PRODUCT_NAME = "$(TARGET_NAME)";
				SWIFT_VERSION = 4.2;
				TARGETED_DEVICE_FAMILY = "1,2";
				TEST_TARGET_NAME = Movies;
			};
			name = Release;
		};
/* End XCBuildConfiguration section */

/* Begin XCConfigurationList section */
		2D39F0CB21EA3919005F34C3 /* Build configuration list for PBXProject "Movies" */ = {
			isa = XCConfigurationList;
			buildConfigurations = (
				2D39F0F921EA391B005F34C3 /* Debug */,
				2D39F0FA21EA391B005F34C3 /* Release */,
			);
			defaultConfigurationIsVisible = 0;
			defaultConfigurationName = Release;
		};
		2D39F0FB21EA391B005F34C3 /* Build configuration list for PBXNativeTarget "Movies" */ = {
			isa = XCConfigurationList;
			buildConfigurations = (
				2D39F0FC21EA391B005F34C3 /* Debug */,
				2D39F0FD21EA391B005F34C3 /* Release */,
			);
			defaultConfigurationIsVisible = 0;
			defaultConfigurationName = Release;
		};
		2D39F0FE21EA391B005F34C3 /* Build configuration list for PBXNativeTarget "MoviesTests" */ = {
			isa = XCConfigurationList;
			buildConfigurations = (
				2D39F0FF21EA391B005F34C3 /* Debug */,
				2D39F10021EA391B005F34C3 /* Release */,
			);
			defaultConfigurationIsVisible = 0;
			defaultConfigurationName = Release;
		};
		2D39F10121EA391B005F34C3 /* Build configuration list for PBXNativeTarget "MoviesUITests" */ = {
			isa = XCConfigurationList;
			buildConfigurations = (
				2D39F10221EA391B005F34C3 /* Debug */,
				2D39F10321EA391B005F34C3 /* Release */,
			);
			defaultConfigurationIsVisible = 0;
			defaultConfigurationName = Release;
		};
/* End XCConfigurationList section */

/* Begin XCVersionGroup section */
		2D39F0DA21EA391A005F34C3 /* Movies.xcdatamodeld */ = {
			isa = XCVersionGroup;
			children = (
				2D39F0DB21EA391A005F34C3 /* Movies.xcdatamodel */,
			);
			currentVersion = 2D39F0DB21EA391A005F34C3 /* Movies.xcdatamodel */;
			path = Movies.xcdatamodeld;
			sourceTree = "<group>";
			versionGroupType = wrapper.xcdatamodel;
		};
/* End XCVersionGroup section */
	};
	rootObject = 2D39F0C821EA3919005F34C3 /* Project object */;
}
